
Microsoft Visual Studio Solution File, Format Version 12.00
# Visual Studio Version 16
VisualStudioVersion = 16.0.31019.35
MinimumVisualStudioVersion = 10.0.40219.1
Project("{FAE04EC0-301F-11D3-BF4B-00C04F79EFBC}") = "UC7_Empwage", "UC7_Empwage\UC7_Empwage.csproj", "{0D40F1A3-0B18-4654-A088-40BC345FB2FF}"
EndProject
Global
	GlobalSection(SolutionConfigurationPlatforms) = preSolution
		Debug|Any CPU = Debug|Any CPU
		Release|Any CPU = Release|Any CPU
	EndGlobalSection
	GlobalSection(ProjectConfigurationPlatforms) = postSolution
		{0D40F1A3-0B18-4654-A088-40BC345FB2FF}.Debug|Any CPU.ActiveCfg = Debug|Any CPU
		{0D40F1A3-0B18-4654-A088-40BC345FB2FF}.Debug|Any CPU.Build.0 = Debug|Any CPU
		{0D40F1A3-0B18-4654-A088-40BC345FB2FF}.Release|Any CPU.ActiveCfg = Release|Any CPU
		{0D40F1A3-0B18-4654-A088-40BC345FB2FF}.Release|Any CPU.Build.0 = Release|Any CPU
	EndGlobalSection
	GlobalSection(SolutionProperties) = preSolution
		HideSolutionNode = FALSE
	EndGlobalSection
	GlobalSection(ExtensibilityGlobals) = postSolution
		SolutionGuid = {D963E865-B6BC-4975-8157-AECFE2A6B9A8}
	EndGlobalSection
EndGlobal
