
Microsoft Visual Studio Solution File, Format Version 12.00
# Visual Studio Version 16
VisualStudioVersion = 16.0.31019.35
MinimumVisualStudioVersion = 10.0.40219.1
Project("{FAE04EC0-301F-11D3-BF4B-00C04F79EFBC}") = "uc9_Empwage", "uc9_Empwage\uc9_Empwage.csproj", "{D3405085-5858-40AF-85A6-1BD9FC53728C}"
EndProject
Global
	GlobalSection(SolutionConfigurationPlatforms) = preSolution
		Debug|Any CPU = Debug|Any CPU
		Release|Any CPU = Release|Any CPU
	EndGlobalSection
	GlobalSection(ProjectConfigurationPlatforms) = postSolution
		{D3405085-5858-40AF-85A6-1BD9FC53728C}.Debug|Any CPU.ActiveCfg = Debug|Any CPU
		{D3405085-5858-40AF-85A6-1BD9FC53728C}.Debug|Any CPU.Build.0 = Debug|Any CPU
		{D3405085-5858-40AF-85A6-1BD9FC53728C}.Release|Any CPU.ActiveCfg = Release|Any CPU
		{D3405085-5858-40AF-85A6-1BD9FC53728C}.Release|Any CPU.Build.0 = Release|Any CPU
	EndGlobalSection
	GlobalSection(SolutionProperties) = preSolution
		HideSolutionNode = FALSE
	EndGlobalSection
	GlobalSection(ExtensibilityGlobals) = postSolution
		SolutionGuid = {A4493D47-6A78-47D7-A6F5-14660DFF2111}
	EndGlobalSection
EndGlobal
